
Microsoft Visual Studio Solution File, Format Version 11.00
# Visual Studio 2010
Project("{FAE04EC0-301F-11D3-BF4B-00C04F79EFBC}") = "WebCalendar", "WebCalendar\WebCalendar.csproj", "{0F604A0F-D5B3-44C9-A6A1-9168F60E7251}"
	ProjectSection(ProjectDependencies) = postProject
		{A81CC963-8A52-46CD-9518-BC6D1D6D1C51} = {A81CC963-8A52-46CD-9518-BC6D1D6D1C51}
	EndProjectSection
EndProject
Project("{FAE04EC0-301F-11D3-BF4B-00C04F79EFBC}") = "WebCalendar.Tests", "WebCalendar.Tests\WebCalendar.Tests.csproj", "{33BE0BB2-394E-4B5C-9CC0-27FA386DC056}"
EndProject
Project("{FAE04EC0-301F-11D3-BF4B-00C04F79EFBC}") = "WebCalendar.DAL", "WebCalendar.DAL\WebCalendar.DAL.csproj", "{A81CC963-8A52-46CD-9518-BC6D1D6D1C51}"
EndProject
Global
	GlobalSection(SolutionConfigurationPlatforms) = preSolution
		Debug|Any CPU = Debug|Any CPU
		Release|Any CPU = Release|Any CPU
	EndGlobalSection
	GlobalSection(ProjectConfigurationPlatforms) = postSolution
		{0F604A0F-D5B3-44C9-A6A1-9168F60E7251}.Debug|Any CPU.ActiveCfg = Debug|Any CPU
		{0F604A0F-D5B3-44C9-A6A1-9168F60E7251}.Debug|Any CPU.Build.0 = Debug|Any CPU
		{0F604A0F-D5B3-44C9-A6A1-9168F60E7251}.Release|Any CPU.ActiveCfg = Release|Any CPU
		{0F604A0F-D5B3-44C9-A6A1-9168F60E7251}.Release|Any CPU.Build.0 = Release|Any CPU
		{33BE0BB2-394E-4B5C-9CC0-27FA386DC056}.Debug|Any CPU.ActiveCfg = Debug|Any CPU
		{33BE0BB2-394E-4B5C-9CC0-27FA386DC056}.Debug|Any CPU.Build.0 = Debug|Any CPU
		{33BE0BB2-394E-4B5C-9CC0-27FA386DC056}.Release|Any CPU.ActiveCfg = Release|Any CPU
		{33BE0BB2-394E-4B5C-9CC0-27FA386DC056}.Release|Any CPU.Build.0 = Release|Any CPU
		{A81CC963-8A52-46CD-9518-BC6D1D6D1C51}.Debug|Any CPU.ActiveCfg = Debug|Any CPU
		{A81CC963-8A52-46CD-9518-BC6D1D6D1C51}.Debug|Any CPU.Build.0 = Debug|Any CPU
		{A81CC963-8A52-46CD-9518-BC6D1D6D1C51}.Release|Any CPU.ActiveCfg = Release|Any CPU
		{A81CC963-8A52-46CD-9518-BC6D1D6D1C51}.Release|Any CPU.Build.0 = Release|Any CPU
	EndGlobalSection
	GlobalSection(SolutionProperties) = preSolution
		HideSolutionNode = FALSE
	EndGlobalSection
EndGlobal
